
Microsoft Visual Studio Solution File, Format Version 12.00
# Visual Studio Version 17
VisualStudioVersion = 17.11.35222.181
MinimumVisualStudioVersion = 10.0.40219.1
Project("{FAE04EC0-301F-11D3-BF4B-00C04F79EFBC}") = "ControlsDemo", "ControlsDemo\ControlsDemo.csproj", "{5264C4A9-E2D3-402A-85CD-94602D3D0DBA}"
EndProject
Global
	GlobalSection(SolutionConfigurationPlatforms) = preSolution
		Debug|Any CPU = Debug|Any CPU
		Release|Any CPU = Release|Any CPU
	EndGlobalSection
	GlobalSection(ProjectConfigurationPlatforms) = postSolution
		{5264C4A9-E2D3-402A-85CD-94602D3D0DBA}.Debug|Any CPU.ActiveCfg = Debug|Any CPU
		{5264C4A9-E2D3-402A-85CD-94602D3D0DBA}.Debug|Any CPU.Build.0 = Debug|Any CPU
		{5264C4A9-E2D3-402A-85CD-94602D3D0DBA}.Debug|Any CPU.Deploy.0 = Debug|Any CPU
		{5264C4A9-E2D3-402A-85CD-94602D3D0DBA}.Release|Any CPU.ActiveCfg = Release|Any CPU
		{5264C4A9-E2D3-402A-85CD-94602D3D0DBA}.Release|Any CPU.Build.0 = Release|Any CPU
		{5264C4A9-E2D3-402A-85CD-94602D3D0DBA}.Release|Any CPU.Deploy.0 = Release|Any CPU
	EndGlobalSection
	GlobalSection(SolutionProperties) = preSolution
		HideSolutionNode = FALSE
	EndGlobalSection
	GlobalSection(ExtensibilityGlobals) = postSolution
		SolutionGuid = {3734C0F9-4578-45E2-9375-06C8FE1ABA97}
	EndGlobalSection
EndGlobal
